
Microsoft Visual Studio Solution File, Format Version 12.00
Project("{2150E333-8FDC-42A3-9474-1A3956D46DE8}") = "src", "src", "{4DF60F09-4455-485D-8D22-A4486B72A08D}"
EndProject
Project("{FAE04EC0-301F-11D3-BF4B-00C04F79EFBC}") = "LinkSharp", "src\LinkSharp\LinkSharp.csproj", "{BCFD51BD-9CB8-4AFE-B664-E6D6F0E2442E}"
EndProject
Project("{2150E333-8FDC-42A3-9474-1A3956D46DE8}") = "SolutionItems", "SolutionItems", "{3BD89976-5F3F-4737-822D-B4508491B179}"
	ProjectSection(SolutionItems) = preProject
		.gitignore = .gitignore
		LICENSE = LICENSE
	EndProjectSection
EndProject
Project("{2150E333-8FDC-42A3-9474-1A3956D46DE8}") = "dev", "dev", "{9B030B70-F87F-4EE3-B92F-E62822D3A1FB}"
	ProjectSection(SolutionItems) = preProject
		dev\docker-compose.yaml = dev\docker-compose.yaml
	EndProjectSection
EndProject
Global
	GlobalSection(SolutionConfigurationPlatforms) = preSolution
		Debug|Any CPU = Debug|Any CPU
		Release|Any CPU = Release|Any CPU
	EndGlobalSection
	GlobalSection(NestedProjects) = preSolution
		{BCFD51BD-9CB8-4AFE-B664-E6D6F0E2442E} = {4DF60F09-4455-485D-8D22-A4486B72A08D}
		{9B030B70-F87F-4EE3-B92F-E62822D3A1FB} = {3BD89976-5F3F-4737-822D-B4508491B179}
	EndGlobalSection
	GlobalSection(ProjectConfigurationPlatforms) = postSolution
		{BCFD51BD-9CB8-4AFE-B664-E6D6F0E2442E}.Debug|Any CPU.ActiveCfg = Debug|Any CPU
		{BCFD51BD-9CB8-4AFE-B664-E6D6F0E2442E}.Debug|Any CPU.Build.0 = Debug|Any CPU
		{BCFD51BD-9CB8-4AFE-B664-E6D6F0E2442E}.Release|Any CPU.ActiveCfg = Release|Any CPU
		{BCFD51BD-9CB8-4AFE-B664-E6D6F0E2442E}.Release|Any CPU.Build.0 = Release|Any CPU
	EndGlobalSection
EndGlobal
